
Microsoft Visual Studio Solution File, Format Version 12.00
# Visual Studio Version 17
VisualStudioVersion = 17.7.34031.279
MinimumVisualStudioVersion = 10.0.40219.1
Project("{FAE04EC0-301F-11D3-BF4B-00C04F79EFBC}") = "Hellow", "Hellow\Hellow.csproj", "{6BA77CEB-5BFC-4879-8F36-8CFF2A7F1913}"
EndProject
Global
	GlobalSection(SolutionConfigurationPlatforms) = preSolution
		Debug|Any CPU = Debug|Any CPU
		Release|Any CPU = Release|Any CPU
	EndGlobalSection
	GlobalSection(ProjectConfigurationPlatforms) = postSolution
		{6BA77CEB-5BFC-4879-8F36-8CFF2A7F1913}.Debug|Any CPU.ActiveCfg = Debug|Any CPU
		{6BA77CEB-5BFC-4879-8F36-8CFF2A7F1913}.Debug|Any CPU.Build.0 = Debug|Any CPU
		{6BA77CEB-5BFC-4879-8F36-8CFF2A7F1913}.Release|Any CPU.ActiveCfg = Release|Any CPU
		{6BA77CEB-5BFC-4879-8F36-8CFF2A7F1913}.Release|Any CPU.Build.0 = Release|Any CPU
	EndGlobalSection
	GlobalSection(SolutionProperties) = preSolution
		HideSolutionNode = FALSE
	EndGlobalSection
	GlobalSection(ExtensibilityGlobals) = postSolution
		SolutionGuid = {D5C6B2E9-D49F-4228-8110-BCA72C3B6C34}
	EndGlobalSection
EndGlobal
